
Microsoft Visual Studio Solution File, Format Version 12.00
# Visual Studio 15
VisualStudioVersion = 15.0.28010.2026
MinimumVisualStudioVersion = 10.0.40219.1
Project("{FAE04EC0-301F-11D3-BF4B-00C04F79EFBC}") = "Assignment04_Sebastian_BibinSunny", "Assignment04_Sebastian_BibinSunny\Assignment04_Sebastian_BibinSunny.csproj", "{1DC77577-DF20-481E-81A0-6786D7064A0B}"
EndProject
Global
	GlobalSection(SolutionConfigurationPlatforms) = preSolution
		Debug|Any CPU = Debug|Any CPU
		Release|Any CPU = Release|Any CPU
	EndGlobalSection
	GlobalSection(ProjectConfigurationPlatforms) = postSolution
		{1DC77577-DF20-481E-81A0-6786D7064A0B}.Debug|Any CPU.ActiveCfg = Debug|Any CPU
		{1DC77577-DF20-481E-81A0-6786D7064A0B}.Debug|Any CPU.Build.0 = Debug|Any CPU
		{1DC77577-DF20-481E-81A0-6786D7064A0B}.Release|Any CPU.ActiveCfg = Release|Any CPU
		{1DC77577-DF20-481E-81A0-6786D7064A0B}.Release|Any CPU.Build.0 = Release|Any CPU
	EndGlobalSection
	GlobalSection(SolutionProperties) = preSolution
		HideSolutionNode = FALSE
	EndGlobalSection
	GlobalSection(ExtensibilityGlobals) = postSolution
		SolutionGuid = {41802F8D-23F6-4BDB-8861-2D65EA5E6CCC}
	EndGlobalSection
EndGlobal
